{
  "name": "maps",
  "version": "1.0.0",
  "lockfileVersion": 1,
  "requires": true,
  "dependencies": {
    "@types/faker": {
      "version": "4.1.6"
    },
    "@types/googlemaps": {
      "version": "3.37.7",
      "resolved": "https://registry.npmjs.org/@types/googlemaps/-/googlemaps-3.37.7.tgz",
      "integrity": "sha512-a+mvO0PHHBmvojRAKEo81MYnG8JlZScDoguVHqMi/myfrJIF1KmcSNVyMi6Y5BG/skgLpFJM37nl+hwHNGb3ig=="
    },
    "faker": {
      "version": "4.1.0"
    },
    "typescript": {
      "version": "3.6.3",
      "dev": true
    }
  }
}
