# THIS IS AN AUTOGENERATED FILE. DO NOT EDIT THIS FILE DIRECTLY.
# yarn lockfile v1


"@types/faker@^4.1.6":
  version "4.1.6"
  resolved "https://registry.yarnpkg.com/@types/faker/-/faker-4.1.6.tgz#e931064b1d50333044c28668c13033334cf67c71"
  integrity sha512-Tp4xHecf4UX8VOvSfsL1QlMbOfukGbbAhQbHvPIcX56NmNql4MAamV7E/K5zdYfxlk8FTcxwsaCZTxM79zJzPQ==

faker@^4.1.0:
  version "4.1.0"
  resolved "https://registry.yarnpkg.com/faker/-/faker-4.1.0.tgz#1e45bbbecc6774b3c195fad2835109c6d748cc3f"
  integrity sha1-HkW7vsxndLPBlfrSg1EJxtdIzD8=
